
Microsoft Visual Studio Solution File, Format Version 12.00
# Visual Studio Version 16
VisualStudioVersion = 16.0.31424.327
MinimumVisualStudioVersion = 10.0.40219.1
Project("{9A19103F-16F7-4668-BE54-9A1E7A4F7556}") = "PersonDirectory.WebAPI", "PersonDirectoryWebAPI\PersonDirectory.WebAPI.csproj", "{A89617C1-9CFD-4223-9317-A6D83A1C20E3}"
EndProject
Project("{FAE04EC0-301F-11D3-BF4B-00C04F79EFBC}") = "PersonDirectory.Domain", "PersonDirectory.Domain\PersonDirectory.Domain.csproj", "{1E282E47-D1D1-4344-B25F-880339850455}"
EndProject
Project("{FAE04EC0-301F-11D3-BF4B-00C04F79EFBC}") = "PersonDirectory.Persistence", "PersonDirectory.Persistence\PersonDirectory.Persistence.csproj", "{DC1601E0-E30B-41CD-BE1C-D4F8ED797A06}"
EndProject
Global
	GlobalSection(SolutionConfigurationPlatforms) = preSolution
		Debug|Any CPU = Debug|Any CPU
		Release|Any CPU = Release|Any CPU
	EndGlobalSection
	GlobalSection(ProjectConfigurationPlatforms) = postSolution
		{A89617C1-9CFD-4223-9317-A6D83A1C20E3}.Debug|Any CPU.ActiveCfg = Debug|Any CPU
		{A89617C1-9CFD-4223-9317-A6D83A1C20E3}.Debug|Any CPU.Build.0 = Debug|Any CPU
		{A89617C1-9CFD-4223-9317-A6D83A1C20E3}.Release|Any CPU.ActiveCfg = Release|Any CPU
		{A89617C1-9CFD-4223-9317-A6D83A1C20E3}.Release|Any CPU.Build.0 = Release|Any CPU
		{1E282E47-D1D1-4344-B25F-880339850455}.Debug|Any CPU.ActiveCfg = Debug|Any CPU
		{1E282E47-D1D1-4344-B25F-880339850455}.Debug|Any CPU.Build.0 = Debug|Any CPU
		{1E282E47-D1D1-4344-B25F-880339850455}.Release|Any CPU.ActiveCfg = Release|Any CPU
		{1E282E47-D1D1-4344-B25F-880339850455}.Release|Any CPU.Build.0 = Release|Any CPU
		{DC1601E0-E30B-41CD-BE1C-D4F8ED797A06}.Debug|Any CPU.ActiveCfg = Debug|Any CPU
		{DC1601E0-E30B-41CD-BE1C-D4F8ED797A06}.Debug|Any CPU.Build.0 = Debug|Any CPU
		{DC1601E0-E30B-41CD-BE1C-D4F8ED797A06}.Release|Any CPU.ActiveCfg = Release|Any CPU
		{DC1601E0-E30B-41CD-BE1C-D4F8ED797A06}.Release|Any CPU.Build.0 = Release|Any CPU
	EndGlobalSection
	GlobalSection(SolutionProperties) = preSolution
		HideSolutionNode = FALSE
	EndGlobalSection
	GlobalSection(ExtensibilityGlobals) = postSolution
		SolutionGuid = {EAD3364B-CC20-4450-AB9E-DF8440849DED}
	EndGlobalSection
EndGlobal
